
Microsoft Visual Studio Solution File, Format Version 12.00
# Visual Studio Version 16
VisualStudioVersion = 16.0.29215.179
MinimumVisualStudioVersion = 10.0.40219.1
Project("{888888A0-9F3D-457C-B088-3A5042F75D52}") = "oursite", "oursite.pyproj", "{42829B5C-B27E-4D18-95E8-8A4D25ECFFDF}"
EndProject
Global
	GlobalSection(SolutionConfigurationPlatforms) = preSolution
		Debug|Any CPU = Debug|Any CPU
		Release|Any CPU = Release|Any CPU
	EndGlobalSection
	GlobalSection(ProjectConfigurationPlatforms) = postSolution
		{42829B5C-B27E-4D18-95E8-8A4D25ECFFDF}.Debug|Any CPU.ActiveCfg = Debug|Any CPU
		{42829B5C-B27E-4D18-95E8-8A4D25ECFFDF}.Debug|Any CPU.Build.0 = Debug|Any CPU
		{42829B5C-B27E-4D18-95E8-8A4D25ECFFDF}.Release|Any CPU.ActiveCfg = Release|Any CPU
		{42829B5C-B27E-4D18-95E8-8A4D25ECFFDF}.Release|Any CPU.Build.0 = Release|Any CPU
	EndGlobalSection
	GlobalSection(SolutionProperties) = preSolution
		HideSolutionNode = FALSE
	EndGlobalSection
	GlobalSection(ExtensibilityGlobals) = postSolution
		SolutionGuid = {1A7F2811-CB82-403B-A77C-1B697AE79D5A}
	EndGlobalSection
EndGlobal
